{
  "version": 4,
  "terraform_version": "1.2.4",
  "serial": 11,
  "lineage": "829290d8-831a-c47b-46cc-94a0b56f0cb0",
  "outputs": {},
  "resources": [
    {
      "mode": "managed",
      "type": "local_file",
      "name": "AnsibleInventory",
      "provider": "provider[\"registry.terraform.io/hashicorp/local\"]",
      "instances": [
        {
          "schema_version": 0,
          "attributes": {
            "content": "# Terraform uses this template to\n# create an inventory file that Ansible can use.\n\n[miners]\n155.138.252.103\n149.28.244.31\n",
            "content_base64": null,
            "directory_permission": "0777",
            "file_permission": "0777",
            "filename": "inventory",
            "id": "7ce587b4fbf4abeaf4d5986bc99a8d6921d79a18",
            "sensitive_content": null,
            "source": null
          },
          "sensitive_attributes": [
            [
              {
                "type": "get_attr",
                "value": "content"
              }
            ]
          ],
          "private": "bnVsbA==",
          "dependencies": [
            "vultr_instance.miner"
          ]
        }
      ]
    },
    {
      "mode": "managed",
      "type": "vultr_instance",
      "name": "miner",
      "provider": "provider[\"registry.terraform.io/vultr/vultr\"]",
      "instances": [
        {
          "index_key": 0,
          "schema_version": 0,
          "attributes": {
            "activation_email": false,
            "allowed_bandwidth": 1000,
            "app_id": 0,
            "backups": "disabled",
            "backups_schedule": [],
            "date_created": "2022-07-12T01:37:35-04:00",
            "ddos_protection": false,
            "default_password": "(1Bom41hv5mg7%J@",
            "disk": 25,
            "enable_ipv6": false,
            "features": [],
            "firewall_group_id": "",
            "gateway_v4": "155.138.252.1",
            "hostname": "vultr.guest",
            "id": "359ad45c-e991-4faa-8709-610e8d68b76f",
            "image_id": null,
            "internal_ip": "",
            "iso_id": null,
            "kvm": "https://my.vultr.com/subs/vps/novnc/api.php?data=djJ8YUJmMXFVaWlRWjdScEM3QVdRQk42Z2JhQ2pZSjJhWDF8J8CrpvqtIo457KB3Y-kXUEVBT9eN3TNQUEDZgRnY78Kl93Wnf3Vv77NDbRzwwBku-PLadI8-_V7q22uZ9qZxbwyvgbDHc2w8-n3numAqF1PW-x7TUvv02Wtcw7HPHSbRStBBJqhT_169USl2qQfBkqI0cPXIjfcnS-SB8mAfZvAxo-fChffG-HdYnZkIIDAcq_AeTJCBPr-_EHhbFg",
            "label": "pkt miner 0",
            "main_ip": "155.138.252.103",
            "netmask_v4": "255.255.254.0",
            "os": "Ubuntu 22.04 x64",
            "os_id": 1743,
            "plan": "vc2-1c-1gb",
            "power_status": "running",
            "private_network_ids": [],
            "ram": 1024,
            "region": "dfw",
            "reserved_ip_id": null,
            "script_id": null,
            "server_status": "installingbooting",
            "snapshot_id": null,
            "ssh_key_ids": null,
            "status": "active",
            "tag": "",
            "tags": [
              "pkt"
            ],
            "timeouts": null,
            "user_data": null,
            "v6_main_ip": "",
            "v6_network": "",
            "v6_network_size": 0,
            "vcpu_count": 1,
            "vpc_ids": []
          },
          "sensitive_attributes": [],
          "private": "eyJlMmJmYjczMC1lY2FhLTExZTYtOGY4OC0zNDM2M2JjN2M0YzAiOnsiY3JlYXRlIjozNjAwMDAwMDAwMDAwLCJ1cGRhdGUiOjM2MDAwMDAwMDAwMDB9fQ=="
        },
        {
          "index_key": 1,
          "schema_version": 0,
          "attributes": {
            "activation_email": false,
            "allowed_bandwidth": 1000,
            "app_id": 0,
            "backups": "disabled",
            "backups_schedule": [],
            "date_created": "2022-07-12T01:37:35-04:00",
            "ddos_protection": false,
            "default_password": "R9.q-xKkWTH+_5v@",
            "disk": 25,
            "enable_ipv6": false,
            "features": [],
            "firewall_group_id": "",
            "gateway_v4": "149.28.244.1",
            "hostname": "vultr.guest",
            "id": "734775c5-66f5-43b2-9508-04d1da75774c",
            "image_id": null,
            "internal_ip": "",
            "iso_id": null,
            "kvm": "https://my.vultr.com/subs/vps/novnc/api.php?data=djJ8d2NCeUpJT182VllSeDlueHpWYmFSQ1VVQWpmTzJOWnl8WZqrqNRXdjLcfO49HX-Qf3_ounwaW_lj1Os2JdH6YKdw25EuhgQo4_yaV-7y9M2YzRvP1UroQFVIb1Iw4dJnl73BJDcWoe7oA6bVzqEht3goeWMUZn8BVP2azYt8Gf4FEAWDSPC_ClUZn_wzEK8r_ZbbRqiR-AT2INahDUCM3tmaGneBFkwwAcf9glrBdeGQkK3wwSXlXv9FhBQ1",
            "label": "pkt miner 1",
            "main_ip": "149.28.244.31",
            "netmask_v4": "255.255.254.0",
            "os": "Ubuntu 22.04 x64",
            "os_id": 1743,
            "plan": "vc2-1c-1gb",
            "power_status": "running",
            "private_network_ids": [],
            "ram": 1024,
            "region": "dfw",
            "reserved_ip_id": null,
            "script_id": null,
            "server_status": "installingbooting",
            "snapshot_id": null,
            "ssh_key_ids": null,
            "status": "active",
            "tag": "",
            "tags": [
              "pkt"
            ],
            "timeouts": null,
            "user_data": null,
            "v6_main_ip": "",
            "v6_network": "",
            "v6_network_size": 0,
            "vcpu_count": 1,
            "vpc_ids": []
          },
          "sensitive_attributes": [],
          "private": "eyJlMmJmYjczMC1lY2FhLTExZTYtOGY4OC0zNDM2M2JjN2M0YzAiOnsiY3JlYXRlIjozNjAwMDAwMDAwMDAwLCJ1cGRhdGUiOjM2MDAwMDAwMDAwMDB9fQ=="
        }
      ]
    }
  ]
}
