{
  "version": 4,
  "terraform_version": "1.2.4",
  "serial": 6,
  "lineage": "829290d8-831a-c47b-46cc-94a0b56f0cb0",
  "outputs": {},
  "resources": [
    {
      "mode": "managed",
      "type": "vultr_instance",
      "name": "pkt-miner",
      "provider": "provider[\"registry.terraform.io/vultr/vultr\"]",
      "instances": [
        {
          "status": "tainted",
          "schema_version": 0,
          "attributes": {
            "activation_email": false,
            "allowed_bandwidth": 1000,
            "app_id": 0,
            "backups": "disabled",
            "backups_schedule": [],
            "date_created": "2022-07-11T23:37:54-04:00",
            "ddos_protection": false,
            "default_password": "9f}CK[_(dC}r=Tjn",
            "disk": 25,
            "enable_ipv6": false,
            "features": [],
            "firewall_group_id": "",
            "gateway_v4": "155.138.240.1",
            "hostname": "vultr.guest",
            "id": "86fa6359-3965-474e-95db-7f7d34938c92",
            "image_id": null,
            "internal_ip": "",
            "iso_id": null,
            "kvm": "https://my.vultr.com/subs/vps/novnc/api.php?data=djJ8alZDb201eGRDcWdqWjFYdmZrM1c3dC1kNG5NdGJvaVZ8GzKE3vQZ5XPB2zKwlj9koKZ3799BTkGz96epClCfxZZ_GN1N7coQZ7LeOjdIb7ewUB4blR-S4JgCl4lJv2fLlcPN7X8BmQDrMkT-_JCTn6JjQz70TPS4l-nJg07gKR1AHReiL7NPhGpmD4GEKlaBgnIB9sgtVI8lyiExOtfI404ntiIntBXDCPxUsHRCJE5Y_TjSofFKyhJQQ9Y",
            "label": "pkt miner",
            "main_ip": "155.138.241.204",
            "netmask_v4": "255.255.254.0",
            "os": "Ubuntu 22.04 x64",
            "os_id": 1743,
            "plan": "vc2-1c-1gb",
            "power_status": "running",
            "private_network_ids": [],
            "ram": 1024,
            "region": "dfw",
            "reserved_ip_id": null,
            "script_id": null,
            "server_status": "installingbooting",
            "snapshot_id": null,
            "ssh_key_ids": null,
            "status": "active",
            "tag": "",
            "tags": [
              "pkt"
            ],
            "timeouts": null,
            "user_data": null,
            "v6_main_ip": "",
            "v6_network": "",
            "v6_network_size": 0,
            "vcpu_count": 1,
            "vpc_ids": []
          },
          "sensitive_attributes": [],
          "private": "eyJlMmJmYjczMC1lY2FhLTExZTYtOGY4OC0zNDM2M2JjN2M0YzAiOnsiY3JlYXRlIjozNjAwMDAwMDAwMDAwLCJ1cGRhdGUiOjM2MDAwMDAwMDAwMDB9fQ=="
        }
      ]
    }
  ]
}
